
Microsoft Visual Studio Solution File, Format Version 12.00
# Visual Studio Version 17
VisualStudioVersion = 17.10.35122.118
MinimumVisualStudioVersion = 10.0.40219.1
Project("{9A19103F-16F7-4668-BE54-9A1E7A4F7556}") = "Books.Hub.Api", "Book.Hub.Api\Books.Hub.Api.csproj", "{BE602AA1-8309-41D5-AE6F-DF797ECD49E1}"
EndProject
Project("{9A19103F-16F7-4668-BE54-9A1E7A4F7556}") = "Books.Hub.Domain", "Book.Hub.Domain\Books.Hub.Domain.csproj", "{05216CCD-215A-4EAB-87B1-9173063F4E02}"
EndProject
Project("{9A19103F-16F7-4668-BE54-9A1E7A4F7556}") = "Books.Hub.Infrastructure", "Book.Hub.Infrastructure\Books.Hub.Infrastructure.csproj", "{3D848EEF-6369-4374-A0CB-2A0529D1D998}"
EndProject
Project("{9A19103F-16F7-4668-BE54-9A1E7A4F7556}") = "Books.Hub.Application", "Book.Hub.Application\Books.Hub.Application.csproj", "{95BAC760-7944-4CBE-9FBF-A30FFB87F1B5}"
EndProject
Project("{2150E333-8FDC-42A3-9474-1A3956D46DE8}") = "Tests", "Tests", "{02EA681E-C7D8-13C7-8484-4AC65E1B71E8}"
EndProject
Project("{FAE04EC0-301F-11D3-BF4B-00C04F79EFBC}") = "UnitTests.API", "Tests\UnitTests.API\UnitTests.API.csproj", "{D06BE1AE-C683-4CD7-97EA-7521203C833B}"
EndProject
Project("{FAE04EC0-301F-11D3-BF4B-00C04F79EFBC}") = "UnitTests.Infrastructure", "Tests\UnitTests.Infrastructure\UnitTests.Infrastructure.csproj", "{3ABE0CD3-9E34-42C6-BFE3-0F15E27AFB90}"
EndProject
Global
	GlobalSection(SolutionConfigurationPlatforms) = preSolution
		Debug|Any CPU = Debug|Any CPU
		Release|Any CPU = Release|Any CPU
	EndGlobalSection
	GlobalSection(ProjectConfigurationPlatforms) = postSolution
		{BE602AA1-8309-41D5-AE6F-DF797ECD49E1}.Debug|Any CPU.ActiveCfg = Debug|Any CPU
		{BE602AA1-8309-41D5-AE6F-DF797ECD49E1}.Debug|Any CPU.Build.0 = Debug|Any CPU
		{BE602AA1-8309-41D5-AE6F-DF797ECD49E1}.Release|Any CPU.ActiveCfg = Release|Any CPU
		{BE602AA1-8309-41D5-AE6F-DF797ECD49E1}.Release|Any CPU.Build.0 = Release|Any CPU
		{05216CCD-215A-4EAB-87B1-9173063F4E02}.Debug|Any CPU.ActiveCfg = Debug|Any CPU
		{05216CCD-215A-4EAB-87B1-9173063F4E02}.Debug|Any CPU.Build.0 = Debug|Any CPU
		{05216CCD-215A-4EAB-87B1-9173063F4E02}.Release|Any CPU.ActiveCfg = Release|Any CPU
		{05216CCD-215A-4EAB-87B1-9173063F4E02}.Release|Any CPU.Build.0 = Release|Any CPU
		{3D848EEF-6369-4374-A0CB-2A0529D1D998}.Debug|Any CPU.ActiveCfg = Debug|Any CPU
		{3D848EEF-6369-4374-A0CB-2A0529D1D998}.Debug|Any CPU.Build.0 = Debug|Any CPU
		{3D848EEF-6369-4374-A0CB-2A0529D1D998}.Release|Any CPU.ActiveCfg = Release|Any CPU
		{3D848EEF-6369-4374-A0CB-2A0529D1D998}.Release|Any CPU.Build.0 = Release|Any CPU
		{95BAC760-7944-4CBE-9FBF-A30FFB87F1B5}.Debug|Any CPU.ActiveCfg = Debug|Any CPU
		{95BAC760-7944-4CBE-9FBF-A30FFB87F1B5}.Debug|Any CPU.Build.0 = Debug|Any CPU
		{95BAC760-7944-4CBE-9FBF-A30FFB87F1B5}.Release|Any CPU.ActiveCfg = Release|Any CPU
		{95BAC760-7944-4CBE-9FBF-A30FFB87F1B5}.Release|Any CPU.Build.0 = Release|Any CPU
		{D06BE1AE-C683-4CD7-97EA-7521203C833B}.Debug|Any CPU.ActiveCfg = Debug|Any CPU
		{D06BE1AE-C683-4CD7-97EA-7521203C833B}.Debug|Any CPU.Build.0 = Debug|Any CPU
		{D06BE1AE-C683-4CD7-97EA-7521203C833B}.Release|Any CPU.ActiveCfg = Release|Any CPU
		{D06BE1AE-C683-4CD7-97EA-7521203C833B}.Release|Any CPU.Build.0 = Release|Any CPU
		{3ABE0CD3-9E34-42C6-BFE3-0F15E27AFB90}.Debug|Any CPU.ActiveCfg = Debug|Any CPU
		{3ABE0CD3-9E34-42C6-BFE3-0F15E27AFB90}.Debug|Any CPU.Build.0 = Debug|Any CPU
		{3ABE0CD3-9E34-42C6-BFE3-0F15E27AFB90}.Release|Any CPU.ActiveCfg = Release|Any CPU
		{3ABE0CD3-9E34-42C6-BFE3-0F15E27AFB90}.Release|Any CPU.Build.0 = Release|Any CPU
	EndGlobalSection
	GlobalSection(SolutionProperties) = preSolution
		HideSolutionNode = FALSE
	EndGlobalSection
	GlobalSection(NestedProjects) = preSolution
		{D06BE1AE-C683-4CD7-97EA-7521203C833B} = {02EA681E-C7D8-13C7-8484-4AC65E1B71E8}
		{3ABE0CD3-9E34-42C6-BFE3-0F15E27AFB90} = {02EA681E-C7D8-13C7-8484-4AC65E1B71E8}
	EndGlobalSection
	GlobalSection(ExtensibilityGlobals) = postSolution
		SolutionGuid = {CB046DC0-BEED-4A73-8794-9A785130FCB7}
	EndGlobalSection
EndGlobal
